
Microsoft Visual Studio Solution File, Format Version 12.00
# Visual Studio Version 17
VisualStudioVersion = 17.3.32819.101
MinimumVisualStudioVersion = 10.0.40219.1
Project("{FAE04EC0-301F-11D3-BF4B-00C04F79EFBC}") = "AssetTracking1", "AssetTracking1\AssetTracking1.csproj", "{209BB17A-7D59-4915-B757-F7072F3DEEC2}"
EndProject
Global
	GlobalSection(SolutionConfigurationPlatforms) = preSolution
		Debug|Any CPU = Debug|Any CPU
		Release|Any CPU = Release|Any CPU
	EndGlobalSection
	GlobalSection(ProjectConfigurationPlatforms) = postSolution
		{209BB17A-7D59-4915-B757-F7072F3DEEC2}.Debug|Any CPU.ActiveCfg = Debug|Any CPU
		{209BB17A-7D59-4915-B757-F7072F3DEEC2}.Debug|Any CPU.Build.0 = Debug|Any CPU
		{209BB17A-7D59-4915-B757-F7072F3DEEC2}.Release|Any CPU.ActiveCfg = Release|Any CPU
		{209BB17A-7D59-4915-B757-F7072F3DEEC2}.Release|Any CPU.Build.0 = Release|Any CPU
	EndGlobalSection
	GlobalSection(SolutionProperties) = preSolution
		HideSolutionNode = FALSE
	EndGlobalSection
	GlobalSection(ExtensibilityGlobals) = postSolution
		SolutionGuid = {B775DCC6-4217-4B78-BB07-E8EC46680539}
	EndGlobalSection
EndGlobal
